<?xml version="1.0" encoding="utf-8"?>
<Project ToolsVersion="4.0" xmlns="http://schemas.microsoft.com/developer/msbuild/2003">
  <ItemGroup>
    <Filter Include="Source files">
      <UniqueIdentifier>{8eeff4d7-fe1d-43e5-8fe0-0e70633e5a21}</UniqueIdentifier>
      <Extensions>cpp;c;cc;cxx;def;odl;idl;hpj;bat;asm;asmx</Extensions>
    </Filter>
    <Filter Include="Header files">
      <UniqueIdentifier>{e1121987-3a2d-4683-a8a3-272dcb79c4be}</UniqueIdentifier>
      <Extensions>h;hpp;hxx;hm;inl;inc;xsd</Extensions>
    </Filter>
    <Filter Include="Resource files">
      <UniqueIdentifier>{04cae3b7-8a10-4909-8d29-bf420be96d22}</UniqueIdentifier>
      <Extensions>rc;ico;cur;bmp;dlg;rc2;rct;bin;rgs;gif;jpg;jpeg;jpe;resx;tiff;tif;png;wav</Extensions>
    </Filter>
    <Filter Include="Make files">
      <UniqueIdentifier>{d5011dd5-ad78-4d80-9b33-48cc20e71470}</UniqueIdentifier>
      <Extensions>*.mak</Extensions>
    </Filter>
    <Filter Include="Source files\Device-specific files">
      <UniqueIdentifier>{28538047-29f8-44bc-8e6a-127a60d753fc}</UniqueIdentifier>
    </Filter>
    <Filter Include="Header files\Device-specific files">
      <UniqueIdentifier>{0cc92c0d-ba80-4245-ab63-b6f983a12f6a}</UniqueIdentifier>
    </Filter>
  </ItemGroup>
  <ItemGroup>
    <None Include="Makefile" />
    <None Include="debug.mak">
      <Filter>Make files</Filter>
    </None>
    <None Include="release.mak">
      <Filter>Make files</Filter>
    </None>
    <None Include="mcu.mak">
      <Filter>Source files\Device-specific files</Filter>
    </None>
  </ItemGroup>
  <ItemGroup>
    <ClCompile Include="night_watcher.cpp">
      <Filter>Source files</Filter>
    </ClCompile>
    <ClCompile Include="display.cpp">
      <Filter>Source files</Filter>
    </ClCompile>
    <ClCompile Include="criticalsection.cpp">
      <Filter>Source files</Filter>
    </ClCompile>
    <ClCompile Include="timers.cpp">
      <Filter>Source files</Filter>
    </ClCompile>
    <ClCompile Include="crc4b6b.cpp">
      <Filter>Source files</Filter>
    </ClCompile>
    <ClCompile Include="radio_metronic.cpp">
      <Filter>Source files</Filter>
    </ClCompile>
    <ClCompile Include="memset.cpp">
      <Filter>Source files</Filter>
    </ClCompile>
    <ClCompile Include="radio_core.cpp">
      <Filter>Source files</Filter>
    </ClCompile>
  </ItemGroup>
  <ItemGroup>
    <ClInclude Include="display.h">
      <Filter>Header files</Filter>
    </ClInclude>
    <ClInclude Include="criticalsection.h">
      <Filter>Header files</Filter>
    </ClInclude>
    <ClInclude Include="timers.h">
      <Filter>Header files</Filter>
    </ClInclude>
    <ClInclude Include="crc4b6b.h">
      <Filter>Header files</Filter>
    </ClInclude>
    <ClInclude Include="radio_core.h">
      <Filter>Header files</Filter>
    </ClInclude>
    <ClInclude Include="radio_medtronic.h">
      <Filter>Header files</Filter>
    </ClInclude>
    <ClInclude Include="memset.h">
      <Filter>Header files</Filter>
    </ClInclude>
  </ItemGroup>
</Project>