<?xml version="1.0" encoding="utf-8"?>
<Project ToolsVersion="4.0" xmlns="http://schemas.microsoft.com/developer/msbuild/2003">
  <ItemGroup>
    <Filter Include="Source files">
      <UniqueIdentifier>{86ae37ae-b616-409b-b550-01498c799439}</UniqueIdentifier>
      <Extensions>cpp;c;cc;cxx;def;odl;idl;hpj;bat;asm;asmx</Extensions>
    </Filter>
    <Filter Include="Header files">
      <UniqueIdentifier>{1ed71a07-f5aa-4efc-bf45-06083535e1fe}</UniqueIdentifier>
      <Extensions>h;hpp;hxx;hm;inl;inc;xsd</Extensions>
    </Filter>
    <Filter Include="Resource files">
      <UniqueIdentifier>{6b08c907-f0cc-4d96-9155-699a23843d4a}</UniqueIdentifier>
      <Extensions>rc;ico;cur;bmp;dlg;rc2;rct;bin;rgs;gif;jpg;jpeg;jpe;resx;tiff;tif;png;wav</Extensions>
    </Filter>
    <Filter Include="Make files">
      <UniqueIdentifier>{fb204f7b-9175-4294-8992-07bbeeb4e2c0}</UniqueIdentifier>
      <Extensions>*.mak</Extensions>
    </Filter>
    <Filter Include="Source files\Device-specific files">
      <UniqueIdentifier>{eee99ae0-7fb5-4dee-8248-d95892bf2e69}</UniqueIdentifier>
    </Filter>
    <Filter Include="Header files\Device-specific files">
      <UniqueIdentifier>{b6ffd4d5-2a0c-4a38-9cc9-0af947ea4134}</UniqueIdentifier>
    </Filter>
  </ItemGroup>
  <ItemGroup>
    <ClCompile Include="crc4b6b.cpp">
      <Filter>Source files</Filter>
    </ClCompile>
    <ClCompile Include="display.cpp">
      <Filter>Source files</Filter>
    </ClCompile>
    <ClCompile Include="night_watcher.cpp">
      <Filter>Source files</Filter>
    </ClCompile>
    <ClCompile Include="radio_core.cpp">
      <Filter>Source files</Filter>
    </ClCompile>
    <ClCompile Include="radio_metronic.cpp">
      <Filter>Source files</Filter>
    </ClCompile>
  </ItemGroup>
  <ItemGroup>
    <None Include="Makefile" />
    <None Include="debug.mak">
      <Filter>Make files</Filter>
    </None>
    <None Include="release.mak">
      <Filter>Make files</Filter>
    </None>
    <None Include="mcu.mak">
      <Filter>Source files\Device-specific files</Filter>
    </None>
  </ItemGroup>
  <ItemGroup>
    <ClInclude Include="array.h">
      <Filter>Header files</Filter>
    </ClInclude>
    <ClInclude Include="buffer.h">
      <Filter>Header files</Filter>
    </ClInclude>
    <ClInclude Include="crc4b6b.h">
      <Filter>Header files</Filter>
    </ClInclude>
    <ClInclude Include="display.h">
      <Filter>Header files</Filter>
    </ClInclude>
    <ClInclude Include="nullptr.h">
      <Filter>Header files</Filter>
    </ClInclude>
    <ClInclude Include="radio_core.h">
      <Filter>Header files</Filter>
    </ClInclude>
    <ClInclude Include="radio_medtronic.h">
      <Filter>Header files</Filter>
    </ClInclude>
    <ClInclude Include="algorithm.h">
      <Filter>Header files</Filter>
    </ClInclude>
  </ItemGroup>
</Project>